<?xml version="1.0" encoding="utf-8"?>
<Project ToolsVersion="4.0" xmlns="http://schemas.microsoft.com/developer/msbuild/2003">
  <ItemGroup>
    <Filter Include="源文件">
      <UniqueIdentifier>{4FC737F1-C7A5-4376-A066-2A32D752A2FF}</UniqueIdentifier>
      <Extensions>cpp;c;cc;cxx;def;odl;idl;hpj;bat;asm;asmx</Extensions>
    </Filter>
    <Filter Include="头文件">
      <UniqueIdentifier>{93995380-89BD-4b04-88EB-625FBE52EBFB}</UniqueIdentifier>
      <Extensions>h;hh;hpp;hxx;hm;inl;inc;xsd</Extensions>
    </Filter>
    <Filter Include="资源文件">
      <UniqueIdentifier>{67DA6AB6-F800-4c08-8B7A-83BB121AAD01}</UniqueIdentifier>
      <Extensions>rc;ico;cur;bmp;dlg;rc2;rct;bin;rgs;gif;jpg;jpeg;jpe;resx;tiff;tif;png;wav;mfcribbon-ms</Extensions>
    </Filter>
    <Filter Include="base">
      <UniqueIdentifier>{f12db539-522a-400b-9503-7e1c1ec51c1b}</UniqueIdentifier>
    </Filter>
    <Filter Include="manager">
      <UniqueIdentifier>{0a5afff3-c9bb-4d22-8c57-b0587a5f028b}</UniqueIdentifier>
    </Filter>
    <Filter Include="draw">
      <UniqueIdentifier>{3024a1d9-ea7e-450f-ae8f-007852a7465a}</UniqueIdentifier>
    </Filter>
    <Filter Include="aircraft">
      <UniqueIdentifier>{a54c310a-28e4-4d22-9c79-e60f4247b832}</UniqueIdentifier>
    </Filter>
    <Filter Include="aircraft\Box2D">
      <UniqueIdentifier>{4d0be887-99e1-4cd5-a9e3-6f29d6fdb699}</UniqueIdentifier>
    </Filter>
  </ItemGroup>
  <ItemGroup>
    <ClCompile Include="aircraft\Craft.cpp">
      <Filter>aircraft</Filter>
    </ClCompile>
    <ClCompile Include="aircraft\Map.cpp">
      <Filter>aircraft</Filter>
    </ClCompile>
    <ClCompile Include="base\Node.cpp">
      <Filter>base</Filter>
    </ClCompile>
    <ClCompile Include="base\NodeVector.cpp">
      <Filter>base</Filter>
    </ClCompile>
    <ClCompile Include="base\Ref.cpp">
      <Filter>base</Filter>
    </ClCompile>
    <ClCompile Include="base\Singleton.cpp">
      <Filter>base</Filter>
    </ClCompile>
    <ClCompile Include="base\TextureBuffer.cpp">
      <Filter>base</Filter>
    </ClCompile>
    <ClCompile Include="draw\Draw3DBuffer.cpp">
      <Filter>draw</Filter>
    </ClCompile>
    <ClCompile Include="draw\DrawBuffer.cpp">
      <Filter>draw</Filter>
    </ClCompile>
    <ClCompile Include="draw\DrawLayout.cpp">
      <Filter>draw</Filter>
    </ClCompile>
    <ClCompile Include="draw\DrawNode.cpp">
      <Filter>draw</Filter>
    </ClCompile>
    <ClCompile Include="manager\DrawManager.cpp">
      <Filter>manager</Filter>
    </ClCompile>
    <ClCompile Include="manager\EventManager.cpp">
      <Filter>manager</Filter>
    </ClCompile>
    <ClCompile Include="manager\GameTime.cpp">
      <Filter>manager</Filter>
    </ClCompile>
    <ClCompile Include="manager\KeyManager.cpp">
      <Filter>manager</Filter>
    </ClCompile>
    <ClCompile Include="manager\ObjectManager.cpp">
      <Filter>manager</Filter>
    </ClCompile>
    <ClCompile Include="manager\ScriptsManager.cpp">
      <Filter>manager</Filter>
    </ClCompile>
    <ClCompile Include="manager\TextureManager.cpp">
      <Filter>manager</Filter>
    </ClCompile>
    <ClCompile Include="manager\VideoManager.cpp">
      <Filter>manager</Filter>
    </ClCompile>
    <ClCompile Include="ClassToLua.cpp">
      <Filter>源文件</Filter>
    </ClCompile>
    <ClCompile Include="config.cpp">
      <Filter>源文件</Filter>
    </ClCompile>
    <ClCompile Include="GameApp.cpp">
      <Filter>源文件</Filter>
    </ClCompile>
    <ClCompile Include="main.cpp">
      <Filter>源文件</Filter>
    </ClCompile>
    <ClCompile Include="aircraft\b2DrawDebug.cpp">
      <Filter>aircraft</Filter>
    </ClCompile>
    <ClCompile Include="aircraft\Bullet.cpp">
      <Filter>aircraft</Filter>
    </ClCompile>
    <ClCompile Include="aircraft\ContactListener.cpp">
      <Filter>aircraft</Filter>
    </ClCompile>
    <ClCompile Include="base\RList.h">
      <Filter>base</Filter>
    </ClCompile>
    <ClCompile Include="aircraft\MainCraft.cpp">
      <Filter>aircraft</Filter>
    </ClCompile>
    <ClCompile Include="aircraft\Box2D\Box2D\Collision\b2BroadPhase.cpp">
      <Filter>aircraft\Box2D</Filter>
    </ClCompile>
    <ClCompile Include="aircraft\Box2D\Box2D\Collision\b2CollideCircle.cpp">
      <Filter>aircraft\Box2D</Filter>
    </ClCompile>
    <ClCompile Include="aircraft\Box2D\Box2D\Collision\b2CollideEdge.cpp">
      <Filter>aircraft\Box2D</Filter>
    </ClCompile>
    <ClCompile Include="aircraft\Box2D\Box2D\Collision\b2CollidePolygon.cpp">
      <Filter>aircraft\Box2D</Filter>
    </ClCompile>
    <ClCompile Include="aircraft\Box2D\Box2D\Collision\b2Collision.cpp">
      <Filter>aircraft\Box2D</Filter>
    </ClCompile>
    <ClCompile Include="aircraft\Box2D\Box2D\Collision\b2Distance.cpp">
      <Filter>aircraft\Box2D</Filter>
    </ClCompile>
    <ClCompile Include="aircraft\Box2D\Box2D\Collision\b2DynamicTree.cpp">
      <Filter>aircraft\Box2D</Filter>
    </ClCompile>
    <ClCompile Include="aircraft\Box2D\Box2D\Collision\b2TimeOfImpact.cpp">
      <Filter>aircraft\Box2D</Filter>
    </ClCompile>
    <ClCompile Include="aircraft\Box2D\Box2D\Collision\Shapes\b2ChainShape.cpp">
      <Filter>aircraft\Box2D</Filter>
    </ClCompile>
    <ClCompile Include="aircraft\Box2D\Box2D\Collision\Shapes\b2CircleShape.cpp">
      <Filter>aircraft\Box2D</Filter>
    </ClCompile>
    <ClCompile Include="aircraft\Box2D\Box2D\Collision\Shapes\b2EdgeShape.cpp">
      <Filter>aircraft\Box2D</Filter>
    </ClCompile>
    <ClCompile Include="aircraft\Box2D\Box2D\Collision\Shapes\b2PolygonShape.cpp">
      <Filter>aircraft\Box2D</Filter>
    </ClCompile>
    <ClCompile Include="aircraft\Box2D\Box2D\Common\b2BlockAllocator.cpp">
      <Filter>aircraft\Box2D</Filter>
    </ClCompile>
    <ClCompile Include="aircraft\Box2D\Box2D\Common\b2Draw.cpp">
      <Filter>aircraft\Box2D</Filter>
    </ClCompile>
    <ClCompile Include="aircraft\Box2D\Box2D\Common\b2Math.cpp">
      <Filter>aircraft\Box2D</Filter>
    </ClCompile>
    <ClCompile Include="aircraft\Box2D\Box2D\Common\b2Settings.cpp">
      <Filter>aircraft\Box2D</Filter>
    </ClCompile>
    <ClCompile Include="aircraft\Box2D\Box2D\Common\b2StackAllocator.cpp">
      <Filter>aircraft\Box2D</Filter>
    </ClCompile>
    <ClCompile Include="aircraft\Box2D\Box2D\Common\b2Timer.cpp">
      <Filter>aircraft\Box2D</Filter>
    </ClCompile>
    <ClCompile Include="aircraft\Box2D\Box2D\Dynamics\b2Body.cpp">
      <Filter>aircraft\Box2D</Filter>
    </ClCompile>
    <ClCompile Include="aircraft\Box2D\Box2D\Dynamics\b2ContactManager.cpp">
      <Filter>aircraft\Box2D</Filter>
    </ClCompile>
    <ClCompile Include="aircraft\Box2D\Box2D\Dynamics\b2Fixture.cpp">
      <Filter>aircraft\Box2D</Filter>
    </ClCompile>
    <ClCompile Include="aircraft\Box2D\Box2D\Dynamics\b2Island.cpp">
      <Filter>aircraft\Box2D</Filter>
    </ClCompile>
    <ClCompile Include="aircraft\Box2D\Box2D\Dynamics\b2World.cpp">
      <Filter>aircraft\Box2D</Filter>
    </ClCompile>
    <ClCompile Include="aircraft\Box2D\Box2D\Dynamics\b2WorldCallbacks.cpp">
      <Filter>aircraft\Box2D</Filter>
    </ClCompile>
    <ClCompile Include="aircraft\Box2D\Box2D\Dynamics\Contacts\b2ChainAndCircleContact.cpp">
      <Filter>aircraft\Box2D</Filter>
    </ClCompile>
    <ClCompile Include="aircraft\Box2D\Box2D\Dynamics\Contacts\b2ChainAndPolygonContact.cpp">
      <Filter>aircraft\Box2D</Filter>
    </ClCompile>
    <ClCompile Include="aircraft\Box2D\Box2D\Dynamics\Contacts\b2CircleContact.cpp">
      <Filter>aircraft\Box2D</Filter>
    </ClCompile>
    <ClCompile Include="aircraft\Box2D\Box2D\Dynamics\Contacts\b2Contact.cpp">
      <Filter>aircraft\Box2D</Filter>
    </ClCompile>
    <ClCompile Include="aircraft\Box2D\Box2D\Dynamics\Contacts\b2ContactSolver.cpp">
      <Filter>aircraft\Box2D</Filter>
    </ClCompile>
    <ClCompile Include="aircraft\Box2D\Box2D\Dynamics\Contacts\b2EdgeAndCircleContact.cpp">
      <Filter>aircraft\Box2D</Filter>
    </ClCompile>
    <ClCompile Include="aircraft\Box2D\Box2D\Dynamics\Contacts\b2EdgeAndPolygonContact.cpp">
      <Filter>aircraft\Box2D</Filter>
    </ClCompile>
    <ClCompile Include="aircraft\Box2D\Box2D\Dynamics\Contacts\b2PolygonAndCircleContact.cpp">
      <Filter>aircraft\Box2D</Filter>
    </ClCompile>
    <ClCompile Include="aircraft\Box2D\Box2D\Dynamics\Contacts\b2PolygonContact.cpp">
      <Filter>aircraft\Box2D</Filter>
    </ClCompile>
    <ClCompile Include="aircraft\Box2D\Box2D\Dynamics\Joints\b2DistanceJoint.cpp">
      <Filter>aircraft\Box2D</Filter>
    </ClCompile>
    <ClCompile Include="aircraft\Box2D\Box2D\Dynamics\Joints\b2FrictionJoint.cpp">
      <Filter>aircraft\Box2D</Filter>
    </ClCompile>
    <ClCompile Include="aircraft\Box2D\Box2D\Dynamics\Joints\b2GearJoint.cpp">
      <Filter>aircraft\Box2D</Filter>
    </ClCompile>
    <ClCompile Include="aircraft\Box2D\Box2D\Dynamics\Joints\b2Joint.cpp">
      <Filter>aircraft\Box2D</Filter>
    </ClCompile>
    <ClCompile Include="aircraft\Box2D\Box2D\Dynamics\Joints\b2MotorJoint.cpp">
      <Filter>aircraft\Box2D</Filter>
    </ClCompile>
    <ClCompile Include="aircraft\Box2D\Box2D\Dynamics\Joints\b2MouseJoint.cpp">
      <Filter>aircraft\Box2D</Filter>
    </ClCompile>
    <ClCompile Include="aircraft\Box2D\Box2D\Dynamics\Joints\b2PrismaticJoint.cpp">
      <Filter>aircraft\Box2D</Filter>
    </ClCompile>
    <ClCompile Include="aircraft\Box2D\Box2D\Dynamics\Joints\b2PulleyJoint.cpp">
      <Filter>aircraft\Box2D</Filter>
    </ClCompile>
    <ClCompile Include="aircraft\Box2D\Box2D\Dynamics\Joints\b2RevoluteJoint.cpp">
      <Filter>aircraft\Box2D</Filter>
    </ClCompile>
    <ClCompile Include="aircraft\Box2D\Box2D\Dynamics\Joints\b2RopeJoint.cpp">
      <Filter>aircraft\Box2D</Filter>
    </ClCompile>
    <ClCompile Include="aircraft\Box2D\Box2D\Dynamics\Joints\b2WeldJoint.cpp">
      <Filter>aircraft\Box2D</Filter>
    </ClCompile>
    <ClCompile Include="aircraft\Box2D\Box2D\Dynamics\Joints\b2WheelJoint.cpp">
      <Filter>aircraft\Box2D</Filter>
    </ClCompile>
    <ClCompile Include="aircraft\Box2D\Box2D\Rope\b2Rope.cpp">
      <Filter>aircraft\Box2D</Filter>
    </ClCompile>
    <ClCompile Include="aircraft\b2DrawManager.cpp">
      <Filter>aircraft</Filter>
    </ClCompile>
  </ItemGroup>
  <ItemGroup>
    <ClInclude Include="aircraft\Craft.h">
      <Filter>aircraft</Filter>
    </ClInclude>
    <ClInclude Include="aircraft\Map.h">
      <Filter>aircraft</Filter>
    </ClInclude>
    <ClInclude Include="base\baseMath.h">
      <Filter>base</Filter>
    </ClInclude>
    <ClInclude Include="base\Color4F.h">
      <Filter>base</Filter>
    </ClInclude>
    <ClInclude Include="base\Image.h">
      <Filter>base</Filter>
    </ClInclude>
    <ClInclude Include="base\lua_get.h">
      <Filter>base</Filter>
    </ClInclude>
    <ClInclude Include="base\Math.h">
      <Filter>base</Filter>
    </ClInclude>
    <ClInclude Include="base\Matrix3.h">
      <Filter>base</Filter>
    </ClInclude>
    <ClInclude Include="base\Matrix4.h">
      <Filter>base</Filter>
    </ClInclude>
    <ClInclude Include="base\MyMath.h">
      <Filter>base</Filter>
    </ClInclude>
    <ClInclude Include="base\Node.h">
      <Filter>base</Filter>
    </ClInclude>
    <ClInclude Include="base\NodeVector.h">
      <Filter>base</Filter>
    </ClInclude>
    <ClInclude Include="base\Rect2D.h">
      <Filter>base</Filter>
    </ClInclude>
    <ClInclude Include="base\Ref.h">
      <Filter>base</Filter>
    </ClInclude>
    <ClInclude Include="base\Singleton.h">
      <Filter>base</Filter>
    </ClInclude>
    <ClInclude Include="base\Size.h">
      <Filter>base</Filter>
    </ClInclude>
    <ClInclude Include="base\TextureBuffer.h">
      <Filter>base</Filter>
    </ClInclude>
    <ClInclude Include="base\Vector2.h">
      <Filter>base</Filter>
    </ClInclude>
    <ClInclude Include="base\Vector3.h">
      <Filter>base</Filter>
    </ClInclude>
    <ClInclude Include="base\Vector4.h">
      <Filter>base</Filter>
    </ClInclude>
    <ClInclude Include="draw\Draw3DBuffer.h">
      <Filter>draw</Filter>
    </ClInclude>
    <ClInclude Include="draw\DrawBuffer.h">
      <Filter>draw</Filter>
    </ClInclude>
    <ClInclude Include="draw\DrawLayout.h">
      <Filter>draw</Filter>
    </ClInclude>
    <ClInclude Include="draw\DrawNode.h">
      <Filter>draw</Filter>
    </ClInclude>
    <ClInclude Include="manager\DrawManager.h">
      <Filter>manager</Filter>
    </ClInclude>
    <ClInclude Include="manager\EventManager.h">
      <Filter>manager</Filter>
    </ClInclude>
    <ClInclude Include="manager\GameTime.h">
      <Filter>manager</Filter>
    </ClInclude>
    <ClInclude Include="manager\KeyManager.h">
      <Filter>manager</Filter>
    </ClInclude>
    <ClInclude Include="manager\ObjectManager.h">
      <Filter>manager</Filter>
    </ClInclude>
    <ClInclude Include="manager\ScriptsManager.h">
      <Filter>manager</Filter>
    </ClInclude>
    <ClInclude Include="manager\TextureManager.h">
      <Filter>manager</Filter>
    </ClInclude>
    <ClInclude Include="manager\VideoManager.h">
      <Filter>manager</Filter>
    </ClInclude>
    <ClInclude Include="ClassToLua.h">
      <Filter>头文件</Filter>
    </ClInclude>
    <ClInclude Include="config.h">
      <Filter>头文件</Filter>
    </ClInclude>
    <ClInclude Include="dxconfig.h">
      <Filter>头文件</Filter>
    </ClInclude>
    <ClInclude Include="GameApp.h">
      <Filter>头文件</Filter>
    </ClInclude>
    <ClInclude Include="resource.h">
      <Filter>头文件</Filter>
    </ClInclude>
    <ClInclude Include="aircraft\b2DrawDebug.h">
      <Filter>aircraft</Filter>
    </ClInclude>
    <ClInclude Include="aircraft\aircraft_config.h">
      <Filter>aircraft</Filter>
    </ClInclude>
    <ClInclude Include="aircraft\Bullet.h">
      <Filter>aircraft</Filter>
    </ClInclude>
    <ClInclude Include="aircraft\ContactListener.h">
      <Filter>aircraft</Filter>
    </ClInclude>
    <ClInclude Include="aircraft\MainCraft.h">
      <Filter>aircraft</Filter>
    </ClInclude>
    <ClInclude Include="aircraft\Box2D\Box2D\Box2D.h">
      <Filter>aircraft\Box2D</Filter>
    </ClInclude>
    <ClInclude Include="aircraft\Box2D\Box2D\Collision\b2BroadPhase.h">
      <Filter>aircraft\Box2D</Filter>
    </ClInclude>
    <ClInclude Include="aircraft\Box2D\Box2D\Collision\b2Collision.h">
      <Filter>aircraft\Box2D</Filter>
    </ClInclude>
    <ClInclude Include="aircraft\Box2D\Box2D\Collision\b2Distance.h">
      <Filter>aircraft\Box2D</Filter>
    </ClInclude>
    <ClInclude Include="aircraft\Box2D\Box2D\Collision\b2DynamicTree.h">
      <Filter>aircraft\Box2D</Filter>
    </ClInclude>
    <ClInclude Include="aircraft\Box2D\Box2D\Collision\b2TimeOfImpact.h">
      <Filter>aircraft\Box2D</Filter>
    </ClInclude>
    <ClInclude Include="aircraft\Box2D\Box2D\Collision\Shapes\b2ChainShape.h">
      <Filter>aircraft\Box2D</Filter>
    </ClInclude>
    <ClInclude Include="aircraft\Box2D\Box2D\Collision\Shapes\b2CircleShape.h">
      <Filter>aircraft\Box2D</Filter>
    </ClInclude>
    <ClInclude Include="aircraft\Box2D\Box2D\Collision\Shapes\b2EdgeShape.h">
      <Filter>aircraft\Box2D</Filter>
    </ClInclude>
    <ClInclude Include="aircraft\Box2D\Box2D\Collision\Shapes\b2PolygonShape.h">
      <Filter>aircraft\Box2D</Filter>
    </ClInclude>
    <ClInclude Include="aircraft\Box2D\Box2D\Collision\Shapes\b2Shape.h">
      <Filter>aircraft\Box2D</Filter>
    </ClInclude>
    <ClInclude Include="aircraft\Box2D\Box2D\Common\b2BlockAllocator.h">
      <Filter>aircraft\Box2D</Filter>
    </ClInclude>
    <ClInclude Include="aircraft\Box2D\Box2D\Common\b2Draw.h">
      <Filter>aircraft\Box2D</Filter>
    </ClInclude>
    <ClInclude Include="aircraft\Box2D\Box2D\Common\b2GrowableStack.h">
      <Filter>aircraft\Box2D</Filter>
    </ClInclude>
    <ClInclude Include="aircraft\Box2D\Box2D\Common\b2Math.h">
      <Filter>aircraft\Box2D</Filter>
    </ClInclude>
    <ClInclude Include="aircraft\Box2D\Box2D\Common\b2Settings.h">
      <Filter>aircraft\Box2D</Filter>
    </ClInclude>
    <ClInclude Include="aircraft\Box2D\Box2D\Common\b2StackAllocator.h">
      <Filter>aircraft\Box2D</Filter>
    </ClInclude>
    <ClInclude Include="aircraft\Box2D\Box2D\Common\b2Timer.h">
      <Filter>aircraft\Box2D</Filter>
    </ClInclude>
    <ClInclude Include="aircraft\Box2D\Box2D\Dynamics\b2Body.h">
      <Filter>aircraft\Box2D</Filter>
    </ClInclude>
    <ClInclude Include="aircraft\Box2D\Box2D\Dynamics\b2ContactManager.h">
      <Filter>aircraft\Box2D</Filter>
    </ClInclude>
    <ClInclude Include="aircraft\Box2D\Box2D\Dynamics\b2Fixture.h">
      <Filter>aircraft\Box2D</Filter>
    </ClInclude>
    <ClInclude Include="aircraft\Box2D\Box2D\Dynamics\b2Island.h">
      <Filter>aircraft\Box2D</Filter>
    </ClInclude>
    <ClInclude Include="aircraft\Box2D\Box2D\Dynamics\b2TimeStep.h">
      <Filter>aircraft\Box2D</Filter>
    </ClInclude>
    <ClInclude Include="aircraft\Box2D\Box2D\Dynamics\b2World.h">
      <Filter>aircraft\Box2D</Filter>
    </ClInclude>
    <ClInclude Include="aircraft\Box2D\Box2D\Dynamics\b2WorldCallbacks.h">
      <Filter>aircraft\Box2D</Filter>
    </ClInclude>
    <ClInclude Include="aircraft\Box2D\Box2D\Dynamics\Contacts\b2ChainAndCircleContact.h">
      <Filter>aircraft\Box2D</Filter>
    </ClInclude>
    <ClInclude Include="aircraft\Box2D\Box2D\Dynamics\Contacts\b2ChainAndPolygonContact.h">
      <Filter>aircraft\Box2D</Filter>
    </ClInclude>
    <ClInclude Include="aircraft\Box2D\Box2D\Dynamics\Contacts\b2CircleContact.h">
      <Filter>aircraft\Box2D</Filter>
    </ClInclude>
    <ClInclude Include="aircraft\Box2D\Box2D\Dynamics\Contacts\b2Contact.h">
      <Filter>aircraft\Box2D</Filter>
    </ClInclude>
    <ClInclude Include="aircraft\Box2D\Box2D\Dynamics\Contacts\b2ContactSolver.h">
      <Filter>aircraft\Box2D</Filter>
    </ClInclude>
    <ClInclude Include="aircraft\Box2D\Box2D\Dynamics\Contacts\b2EdgeAndCircleContact.h">
      <Filter>aircraft\Box2D</Filter>
    </ClInclude>
    <ClInclude Include="aircraft\Box2D\Box2D\Dynamics\Contacts\b2EdgeAndPolygonContact.h">
      <Filter>aircraft\Box2D</Filter>
    </ClInclude>
    <ClInclude Include="aircraft\Box2D\Box2D\Dynamics\Contacts\b2PolygonAndCircleContact.h">
      <Filter>aircraft\Box2D</Filter>
    </ClInclude>
    <ClInclude Include="aircraft\Box2D\Box2D\Dynamics\Contacts\b2PolygonContact.h">
      <Filter>aircraft\Box2D</Filter>
    </ClInclude>
    <ClInclude Include="aircraft\Box2D\Box2D\Dynamics\Joints\b2DistanceJoint.h">
      <Filter>aircraft\Box2D</Filter>
    </ClInclude>
    <ClInclude Include="aircraft\Box2D\Box2D\Dynamics\Joints\b2FrictionJoint.h">
      <Filter>aircraft\Box2D</Filter>
    </ClInclude>
    <ClInclude Include="aircraft\Box2D\Box2D\Dynamics\Joints\b2GearJoint.h">
      <Filter>aircraft\Box2D</Filter>
    </ClInclude>
    <ClInclude Include="aircraft\Box2D\Box2D\Dynamics\Joints\b2Joint.h">
      <Filter>aircraft\Box2D</Filter>
    </ClInclude>
    <ClInclude Include="aircraft\Box2D\Box2D\Dynamics\Joints\b2MotorJoint.h">
      <Filter>aircraft\Box2D</Filter>
    </ClInclude>
    <ClInclude Include="aircraft\Box2D\Box2D\Dynamics\Joints\b2MouseJoint.h">
      <Filter>aircraft\Box2D</Filter>
    </ClInclude>
    <ClInclude Include="aircraft\Box2D\Box2D\Dynamics\Joints\b2PrismaticJoint.h">
      <Filter>aircraft\Box2D</Filter>
    </ClInclude>
    <ClInclude Include="aircraft\Box2D\Box2D\Dynamics\Joints\b2PulleyJoint.h">
      <Filter>aircraft\Box2D</Filter>
    </ClInclude>
    <ClInclude Include="aircraft\Box2D\Box2D\Dynamics\Joints\b2RevoluteJoint.h">
      <Filter>aircraft\Box2D</Filter>
    </ClInclude>
    <ClInclude Include="aircraft\Box2D\Box2D\Dynamics\Joints\b2RopeJoint.h">
      <Filter>aircraft\Box2D</Filter>
    </ClInclude>
    <ClInclude Include="aircraft\Box2D\Box2D\Dynamics\Joints\b2WeldJoint.h">
      <Filter>aircraft\Box2D</Filter>
    </ClInclude>
    <ClInclude Include="aircraft\Box2D\Box2D\Dynamics\Joints\b2WheelJoint.h">
      <Filter>aircraft\Box2D</Filter>
    </ClInclude>
    <ClInclude Include="aircraft\Box2D\Box2D\Rope\b2Rope.h">
      <Filter>aircraft\Box2D</Filter>
    </ClInclude>
    <ClInclude Include="aircraft\b2DrawManager.h">
      <Filter>aircraft</Filter>
    </ClInclude>
  </ItemGroup>
  <ItemGroup>
    <FxCompile Include="..\..\_run\Data\fx\drawManager.fx" />
  </ItemGroup>
</Project>