<?xml version="1.0" encoding="utf-8"?>
<Project ToolsVersion="4.0" xmlns="http://schemas.microsoft.com/developer/msbuild/2003">
  <ItemGroup>
    <Filter Include="源文件">
      <UniqueIdentifier>{4FC737F1-C7A5-4376-A066-2A32D752A2FF}</UniqueIdentifier>
      <Extensions>cpp;c;cc;cxx;def;odl;idl;hpj;bat;asm;asmx</Extensions>
    </Filter>
    <Filter Include="头文件">
      <UniqueIdentifier>{93995380-89BD-4b04-88EB-625FBE52EBFB}</UniqueIdentifier>
      <Extensions>h;hh;hpp;hxx;hm;inl;inc;xsd</Extensions>
    </Filter>
    <Filter Include="资源文件">
      <UniqueIdentifier>{67DA6AB6-F800-4c08-8B7A-83BB121AAD01}</UniqueIdentifier>
      <Extensions>rc;ico;cur;bmp;dlg;rc2;rct;bin;rgs;gif;jpg;jpeg;jpe;resx;tiff;tif;png;wav;mfcribbon-ms</Extensions>
    </Filter>
    <Filter Include="base">
      <UniqueIdentifier>{f12db539-522a-400b-9503-7e1c1ec51c1b}</UniqueIdentifier>
    </Filter>
    <Filter Include="manager">
      <UniqueIdentifier>{0a5afff3-c9bb-4d22-8c57-b0587a5f028b}</UniqueIdentifier>
    </Filter>
    <Filter Include="draw">
      <UniqueIdentifier>{3024a1d9-ea7e-450f-ae8f-007852a7465a}</UniqueIdentifier>
    </Filter>
    <Filter Include="texture">
      <UniqueIdentifier>{1aa506c4-5951-42ee-8c27-9649c055f9dc}</UniqueIdentifier>
    </Filter>
  </ItemGroup>
  <ItemGroup>
    <ClCompile Include="main.cpp">
      <Filter>源文件</Filter>
    </ClCompile>
    <ClCompile Include="ClassToLua.cpp">
      <Filter>源文件</Filter>
    </ClCompile>
    <ClCompile Include="GameApp.cpp">
      <Filter>源文件</Filter>
    </ClCompile>
    <ClCompile Include="base\Singleton.cpp">
      <Filter>base</Filter>
    </ClCompile>
    <ClCompile Include="config.cpp">
      <Filter>源文件</Filter>
    </ClCompile>
    <ClCompile Include="manager\ScriptsManager.cpp">
      <Filter>manager</Filter>
    </ClCompile>
    <ClCompile Include="manager\VideoManager.cpp">
      <Filter>manager</Filter>
    </ClCompile>
    <ClCompile Include="manager\DrawManager.cpp">
      <Filter>manager</Filter>
    </ClCompile>
    <ClCompile Include="manager\EventManager.cpp">
      <Filter>manager</Filter>
    </ClCompile>
    <ClCompile Include="draw\DrawLayout.cpp">
      <Filter>draw</Filter>
    </ClCompile>
    <ClCompile Include="base\Ref.cpp">
      <Filter>base</Filter>
    </ClCompile>
    <ClCompile Include="manager\ObjectManager.cpp">
      <Filter>manager</Filter>
    </ClCompile>
    <ClCompile Include="base\Node.cpp">
      <Filter>base</Filter>
    </ClCompile>
    <ClCompile Include="base\NodeList.cpp">
      <Filter>base</Filter>
    </ClCompile>
    <ClCompile Include="manager\GameTime.cpp">
      <Filter>manager</Filter>
    </ClCompile>
    <ClCompile Include="texture\Texture2D.cpp">
      <Filter>texture</Filter>
    </ClCompile>
    <ClCompile Include="manager\TextureManager.cpp">
      <Filter>manager</Filter>
    </ClCompile>
    <ClCompile Include="base\TextureBuffer.cpp">
      <Filter>base</Filter>
    </ClCompile>
    <ClCompile Include="base\NodeVector.cpp">
      <Filter>源文件</Filter>
    </ClCompile>
    <ClCompile Include="draw\DrawBuffer.cpp">
      <Filter>源文件</Filter>
    </ClCompile>
    <ClCompile Include="draw\DrawNode.cpp">
      <Filter>draw</Filter>
    </ClCompile>
    <ClCompile Include="manager\KeyManager.cpp">
      <Filter>源文件</Filter>
    </ClCompile>
    <ClCompile Include="aircraft\Map.cpp">
      <Filter>源文件</Filter>
    </ClCompile>
    <ClCompile Include="aircraft\Craft.cpp">
      <Filter>源文件</Filter>
    </ClCompile>
  </ItemGroup>
  <ItemGroup>
    <ClInclude Include="GameApp.h">
      <Filter>头文件</Filter>
    </ClInclude>
    <ClInclude Include="base\lua_get.h">
      <Filter>base</Filter>
    </ClInclude>
    <ClInclude Include="base\Singleton.h">
      <Filter>base</Filter>
    </ClInclude>
    <ClInclude Include="config.h">
      <Filter>头文件</Filter>
    </ClInclude>
    <ClInclude Include="resource.h">
      <Filter>头文件</Filter>
    </ClInclude>
    <ClInclude Include="ClassToLua.h">
      <Filter>头文件</Filter>
    </ClInclude>
    <ClInclude Include="base\Size.h">
      <Filter>base</Filter>
    </ClInclude>
    <ClInclude Include="base\Position3D.h">
      <Filter>base</Filter>
    </ClInclude>
    <ClInclude Include="base\Position2D.h">
      <Filter>base</Filter>
    </ClInclude>
    <ClInclude Include="manager\ScriptsManager.h">
      <Filter>manager</Filter>
    </ClInclude>
    <ClInclude Include="manager\VideoManager.h">
      <Filter>manager</Filter>
    </ClInclude>
    <ClInclude Include="manager\DrawManager.h">
      <Filter>manager</Filter>
    </ClInclude>
    <ClInclude Include="manager\EventManager.h">
      <Filter>manager</Filter>
    </ClInclude>
    <ClInclude Include="draw\DrawLayout.h">
      <Filter>draw</Filter>
    </ClInclude>
    <ClInclude Include="base\Ref.h">
      <Filter>base</Filter>
    </ClInclude>
    <ClInclude Include="manager\ObjectManager.h">
      <Filter>manager</Filter>
    </ClInclude>
    <ClInclude Include="base\Node.h">
      <Filter>base</Filter>
    </ClInclude>
    <ClInclude Include="base\NodeList.h">
      <Filter>base</Filter>
    </ClInclude>
    <ClInclude Include="base\Rect2D.h">
      <Filter>base</Filter>
    </ClInclude>
    <ClInclude Include="manager\GameTime.h">
      <Filter>manager</Filter>
    </ClInclude>
    <ClInclude Include="texture\Texture2D.h">
      <Filter>texture</Filter>
    </ClInclude>
    <ClInclude Include="dxconfig.h">
      <Filter>头文件</Filter>
    </ClInclude>
    <ClInclude Include="manager\TextureManager.h">
      <Filter>manager</Filter>
    </ClInclude>
    <ClInclude Include="base\Image.h">
      <Filter>base</Filter>
    </ClInclude>
    <ClInclude Include="base\TextureBuffer.h">
      <Filter>base</Filter>
    </ClInclude>
    <ClInclude Include="base\NodeVector.h">
      <Filter>头文件</Filter>
    </ClInclude>
    <ClInclude Include="draw\DrawBuffer.h">
      <Filter>头文件</Filter>
    </ClInclude>
    <ClInclude Include="draw\DrawNode.h">
      <Filter>draw</Filter>
    </ClInclude>
    <ClInclude Include="manager\KeyManager.h">
      <Filter>头文件</Filter>
    </ClInclude>
    <ClInclude Include="aircraft\Map.h">
      <Filter>头文件</Filter>
    </ClInclude>
    <ClInclude Include="aircraft\Craft.h">
      <Filter>头文件</Filter>
    </ClInclude>
  </ItemGroup>
</Project>