
Microsoft Visual Studio Solution File, Format Version 12.00
# Visual Studio 15
VisualStudioVersion = 15.0.26430.16
MinimumVisualStudioVersion = 10.0.40219.1
Project("{8BC9CEB8-8B4A-11D0-8D11-00A0C91BC942}") = "MyLua", "MyLua\MyLua.vcxproj", "{7840D834-781E-4B84-8FAF-6B0954625A75}"
EndProject
Project("{8BC9CEB8-8B4A-11D0-8D11-00A0C91BC942}") = "test2d", "test\test.vcxproj", "{BD158740-1021-42D4-AED9-4771D7297F5C}"
	ProjectSection(ProjectDependencies) = postProject
		{7840D834-781E-4B84-8FAF-6B0954625A75} = {7840D834-781E-4B84-8FAF-6B0954625A75}
		{1EB103A3-13ED-4A92-8A62-694BD381C3AF} = {1EB103A3-13ED-4A92-8A62-694BD381C3AF}
	EndProjectSection
EndProject
Project("{8BC9CEB8-8B4A-11D0-8D11-00A0C91BC942}") = "MyTool", "MyTool\MyTool.vcxproj", "{1EB103A3-13ED-4A92-8A62-694BD381C3AF}"
EndProject
Project("{2150E333-8FDC-42A3-9474-1A3956D46DE8}") = "外部项目", "外部项目", "{8C267646-8542-4636-A574-3567E3E555D5}"
EndProject
Project("{8BC9CEB8-8B4A-11D0-8D11-00A0C91BC942}") = "log4cplus", "..\log4cplus-1.2.1-rc1\msvc10\log4cplus.vcxproj", "{917836A4-0DDC-47BE-B930-1B3BFDF6C940}"
EndProject
Project("{8BC9CEB8-8B4A-11D0-8D11-00A0C91BC942}") = "Lua-5.3.4", "..\Lua-5.3.4\Lua-5.3.4.vcxproj", "{C08DC357-BE9B-4F63-8697-7859D3B20B05}"
EndProject
Project("{8BC9CEB8-8B4A-11D0-8D11-00A0C91BC942}") = "XercesLib", "..\xerces-c-3.1.4\projects\Win32\VC15\xerces-all\XercesLib\XercesLib.vcxproj", "{152CE948-F659-4206-A50A-1D2B9658EF96}"
EndProject
Global
	GlobalSection(SolutionConfigurationPlatforms) = preSolution
		Debug_Unicode|x64 = Debug_Unicode|x64
		Debug_Unicode|x86 = Debug_Unicode|x86
		Debug|x64 = Debug|x64
		Debug|x86 = Debug|x86
		ICU Debug|x64 = ICU Debug|x64
		ICU Debug|x86 = ICU Debug|x86
		ICU Release|x64 = ICU Release|x64
		ICU Release|x86 = ICU Release|x86
		Release_Unicode|x64 = Release_Unicode|x64
		Release_Unicode|x86 = Release_Unicode|x86
		Release|x64 = Release|x64
		Release|x86 = Release|x86
		Static Debug|x64 = Static Debug|x64
		Static Debug|x86 = Static Debug|x86
		Static Release|x64 = Static Release|x64
		Static Release|x86 = Static Release|x86
	EndGlobalSection
	GlobalSection(ProjectConfigurationPlatforms) = postSolution
		{7840D834-781E-4B84-8FAF-6B0954625A75}.Debug_Unicode|x64.ActiveCfg = Debug|x64
		{7840D834-781E-4B84-8FAF-6B0954625A75}.Debug_Unicode|x64.Build.0 = Debug|x64
		{7840D834-781E-4B84-8FAF-6B0954625A75}.Debug_Unicode|x86.ActiveCfg = Debug|Win32
		{7840D834-781E-4B84-8FAF-6B0954625A75}.Debug_Unicode|x86.Build.0 = Debug|Win32
		{7840D834-781E-4B84-8FAF-6B0954625A75}.Debug|x64.ActiveCfg = Debug|x64
		{7840D834-781E-4B84-8FAF-6B0954625A75}.Debug|x64.Build.0 = Debug|x64
		{7840D834-781E-4B84-8FAF-6B0954625A75}.Debug|x64.Deploy.0 = Debug|x64
		{7840D834-781E-4B84-8FAF-6B0954625A75}.Debug|x86.ActiveCfg = Debug|Win32
		{7840D834-781E-4B84-8FAF-6B0954625A75}.Debug|x86.Build.0 = Debug|Win32
		{7840D834-781E-4B84-8FAF-6B0954625A75}.Debug|x86.Deploy.0 = Debug|Win32
		{7840D834-781E-4B84-8FAF-6B0954625A75}.ICU Debug|x64.ActiveCfg = Debug|x64
		{7840D834-781E-4B84-8FAF-6B0954625A75}.ICU Debug|x64.Build.0 = Debug|x64
		{7840D834-781E-4B84-8FAF-6B0954625A75}.ICU Debug|x64.Deploy.0 = Debug|x64
		{7840D834-781E-4B84-8FAF-6B0954625A75}.ICU Debug|x86.ActiveCfg = Debug|Win32
		{7840D834-781E-4B84-8FAF-6B0954625A75}.ICU Debug|x86.Build.0 = Debug|Win32
		{7840D834-781E-4B84-8FAF-6B0954625A75}.ICU Debug|x86.Deploy.0 = Debug|Win32
		{7840D834-781E-4B84-8FAF-6B0954625A75}.ICU Release|x64.ActiveCfg = Release|x64
		{7840D834-781E-4B84-8FAF-6B0954625A75}.ICU Release|x64.Build.0 = Release|x64
		{7840D834-781E-4B84-8FAF-6B0954625A75}.ICU Release|x64.Deploy.0 = Release|x64
		{7840D834-781E-4B84-8FAF-6B0954625A75}.ICU Release|x86.ActiveCfg = Release|Win32
		{7840D834-781E-4B84-8FAF-6B0954625A75}.ICU Release|x86.Build.0 = Release|Win32
		{7840D834-781E-4B84-8FAF-6B0954625A75}.ICU Release|x86.Deploy.0 = Release|Win32
		{7840D834-781E-4B84-8FAF-6B0954625A75}.Release_Unicode|x64.ActiveCfg = Release|x64
		{7840D834-781E-4B84-8FAF-6B0954625A75}.Release_Unicode|x64.Build.0 = Release|x64
		{7840D834-781E-4B84-8FAF-6B0954625A75}.Release_Unicode|x86.ActiveCfg = Release|Win32
		{7840D834-781E-4B84-8FAF-6B0954625A75}.Release_Unicode|x86.Build.0 = Release|Win32
		{7840D834-781E-4B84-8FAF-6B0954625A75}.Release|x64.ActiveCfg = Release|x64
		{7840D834-781E-4B84-8FAF-6B0954625A75}.Release|x64.Build.0 = Release|x64
		{7840D834-781E-4B84-8FAF-6B0954625A75}.Release|x64.Deploy.0 = Release|x64
		{7840D834-781E-4B84-8FAF-6B0954625A75}.Release|x86.ActiveCfg = Release|Win32
		{7840D834-781E-4B84-8FAF-6B0954625A75}.Release|x86.Build.0 = Release|Win32
		{7840D834-781E-4B84-8FAF-6B0954625A75}.Release|x86.Deploy.0 = Release|Win32
		{7840D834-781E-4B84-8FAF-6B0954625A75}.Static Debug|x64.ActiveCfg = Debug|x64
		{7840D834-781E-4B84-8FAF-6B0954625A75}.Static Debug|x64.Build.0 = Debug|x64
		{7840D834-781E-4B84-8FAF-6B0954625A75}.Static Debug|x64.Deploy.0 = Debug|x64
		{7840D834-781E-4B84-8FAF-6B0954625A75}.Static Debug|x86.ActiveCfg = Debug|Win32
		{7840D834-781E-4B84-8FAF-6B0954625A75}.Static Debug|x86.Build.0 = Debug|Win32
		{7840D834-781E-4B84-8FAF-6B0954625A75}.Static Debug|x86.Deploy.0 = Debug|Win32
		{7840D834-781E-4B84-8FAF-6B0954625A75}.Static Release|x64.ActiveCfg = Release|x64
		{7840D834-781E-4B84-8FAF-6B0954625A75}.Static Release|x64.Build.0 = Release|x64
		{7840D834-781E-4B84-8FAF-6B0954625A75}.Static Release|x64.Deploy.0 = Release|x64
		{7840D834-781E-4B84-8FAF-6B0954625A75}.Static Release|x86.ActiveCfg = Release|Win32
		{7840D834-781E-4B84-8FAF-6B0954625A75}.Static Release|x86.Build.0 = Release|Win32
		{7840D834-781E-4B84-8FAF-6B0954625A75}.Static Release|x86.Deploy.0 = Release|Win32
		{BD158740-1021-42D4-AED9-4771D7297F5C}.Debug_Unicode|x64.ActiveCfg = Debug|x64
		{BD158740-1021-42D4-AED9-4771D7297F5C}.Debug_Unicode|x64.Build.0 = Debug|x64
		{BD158740-1021-42D4-AED9-4771D7297F5C}.Debug_Unicode|x86.ActiveCfg = Debug|Win32
		{BD158740-1021-42D4-AED9-4771D7297F5C}.Debug_Unicode|x86.Build.0 = Debug|Win32
		{BD158740-1021-42D4-AED9-4771D7297F5C}.Debug|x64.ActiveCfg = Debug|x64
		{BD158740-1021-42D4-AED9-4771D7297F5C}.Debug|x64.Build.0 = Debug|x64
		{BD158740-1021-42D4-AED9-4771D7297F5C}.Debug|x64.Deploy.0 = Debug|x64
		{BD158740-1021-42D4-AED9-4771D7297F5C}.Debug|x86.ActiveCfg = Debug|Win32
		{BD158740-1021-42D4-AED9-4771D7297F5C}.Debug|x86.Build.0 = Debug|Win32
		{BD158740-1021-42D4-AED9-4771D7297F5C}.Debug|x86.Deploy.0 = Debug|Win32
		{BD158740-1021-42D4-AED9-4771D7297F5C}.ICU Debug|x64.ActiveCfg = Debug|x64
		{BD158740-1021-42D4-AED9-4771D7297F5C}.ICU Debug|x64.Build.0 = Debug|x64
		{BD158740-1021-42D4-AED9-4771D7297F5C}.ICU Debug|x86.ActiveCfg = Debug|Win32
		{BD158740-1021-42D4-AED9-4771D7297F5C}.ICU Debug|x86.Build.0 = Debug|Win32
		{BD158740-1021-42D4-AED9-4771D7297F5C}.ICU Release|x64.ActiveCfg = Release|x64
		{BD158740-1021-42D4-AED9-4771D7297F5C}.ICU Release|x64.Build.0 = Release|x64
		{BD158740-1021-42D4-AED9-4771D7297F5C}.ICU Release|x86.ActiveCfg = Release|Win32
		{BD158740-1021-42D4-AED9-4771D7297F5C}.ICU Release|x86.Build.0 = Release|Win32
		{BD158740-1021-42D4-AED9-4771D7297F5C}.Release_Unicode|x64.ActiveCfg = Release|x64
		{BD158740-1021-42D4-AED9-4771D7297F5C}.Release_Unicode|x64.Build.0 = Release|x64
		{BD158740-1021-42D4-AED9-4771D7297F5C}.Release_Unicode|x86.ActiveCfg = Release|Win32
		{BD158740-1021-42D4-AED9-4771D7297F5C}.Release_Unicode|x86.Build.0 = Release|Win32
		{BD158740-1021-42D4-AED9-4771D7297F5C}.Release|x64.ActiveCfg = Release|x64
		{BD158740-1021-42D4-AED9-4771D7297F5C}.Release|x64.Build.0 = Release|x64
		{BD158740-1021-42D4-AED9-4771D7297F5C}.Release|x64.Deploy.0 = Release|x64
		{BD158740-1021-42D4-AED9-4771D7297F5C}.Release|x86.ActiveCfg = Release|Win32
		{BD158740-1021-42D4-AED9-4771D7297F5C}.Release|x86.Build.0 = Release|Win32
		{BD158740-1021-42D4-AED9-4771D7297F5C}.Release|x86.Deploy.0 = Release|Win32
		{BD158740-1021-42D4-AED9-4771D7297F5C}.Static Debug|x64.ActiveCfg = Debug|x64
		{BD158740-1021-42D4-AED9-4771D7297F5C}.Static Debug|x64.Build.0 = Debug|x64
		{BD158740-1021-42D4-AED9-4771D7297F5C}.Static Debug|x86.ActiveCfg = Debug|Win32
		{BD158740-1021-42D4-AED9-4771D7297F5C}.Static Debug|x86.Build.0 = Debug|Win32
		{BD158740-1021-42D4-AED9-4771D7297F5C}.Static Release|x64.ActiveCfg = Release|x64
		{BD158740-1021-42D4-AED9-4771D7297F5C}.Static Release|x64.Build.0 = Release|x64
		{BD158740-1021-42D4-AED9-4771D7297F5C}.Static Release|x86.ActiveCfg = Release|Win32
		{BD158740-1021-42D4-AED9-4771D7297F5C}.Static Release|x86.Build.0 = Release|Win32
		{1EB103A3-13ED-4A92-8A62-694BD381C3AF}.Debug_Unicode|x64.ActiveCfg = Debug|x64
		{1EB103A3-13ED-4A92-8A62-694BD381C3AF}.Debug_Unicode|x64.Build.0 = Debug|x64
		{1EB103A3-13ED-4A92-8A62-694BD381C3AF}.Debug_Unicode|x86.ActiveCfg = Debug|Win32
		{1EB103A3-13ED-4A92-8A62-694BD381C3AF}.Debug_Unicode|x86.Build.0 = Debug|Win32
		{1EB103A3-13ED-4A92-8A62-694BD381C3AF}.Debug|x64.ActiveCfg = Debug|x64
		{1EB103A3-13ED-4A92-8A62-694BD381C3AF}.Debug|x64.Build.0 = Debug|x64
		{1EB103A3-13ED-4A92-8A62-694BD381C3AF}.Debug|x86.ActiveCfg = Debug|Win32
		{1EB103A3-13ED-4A92-8A62-694BD381C3AF}.Debug|x86.Build.0 = Debug|Win32
		{1EB103A3-13ED-4A92-8A62-694BD381C3AF}.ICU Debug|x64.ActiveCfg = Debug|x64
		{1EB103A3-13ED-4A92-8A62-694BD381C3AF}.ICU Debug|x64.Build.0 = Debug|x64
		{1EB103A3-13ED-4A92-8A62-694BD381C3AF}.ICU Debug|x64.Deploy.0 = Debug|x64
		{1EB103A3-13ED-4A92-8A62-694BD381C3AF}.ICU Debug|x86.ActiveCfg = Debug|Win32
		{1EB103A3-13ED-4A92-8A62-694BD381C3AF}.ICU Debug|x86.Build.0 = Debug|Win32
		{1EB103A3-13ED-4A92-8A62-694BD381C3AF}.ICU Debug|x86.Deploy.0 = Debug|Win32
		{1EB103A3-13ED-4A92-8A62-694BD381C3AF}.ICU Release|x64.ActiveCfg = Release|x64
		{1EB103A3-13ED-4A92-8A62-694BD381C3AF}.ICU Release|x64.Build.0 = Release|x64
		{1EB103A3-13ED-4A92-8A62-694BD381C3AF}.ICU Release|x64.Deploy.0 = Release|x64
		{1EB103A3-13ED-4A92-8A62-694BD381C3AF}.ICU Release|x86.ActiveCfg = Release|Win32
		{1EB103A3-13ED-4A92-8A62-694BD381C3AF}.ICU Release|x86.Build.0 = Release|Win32
		{1EB103A3-13ED-4A92-8A62-694BD381C3AF}.ICU Release|x86.Deploy.0 = Release|Win32
		{1EB103A3-13ED-4A92-8A62-694BD381C3AF}.Release_Unicode|x64.ActiveCfg = Release|x64
		{1EB103A3-13ED-4A92-8A62-694BD381C3AF}.Release_Unicode|x64.Build.0 = Release|x64
		{1EB103A3-13ED-4A92-8A62-694BD381C3AF}.Release_Unicode|x86.ActiveCfg = Release|Win32
		{1EB103A3-13ED-4A92-8A62-694BD381C3AF}.Release_Unicode|x86.Build.0 = Release|Win32
		{1EB103A3-13ED-4A92-8A62-694BD381C3AF}.Release|x64.ActiveCfg = Release|x64
		{1EB103A3-13ED-4A92-8A62-694BD381C3AF}.Release|x64.Build.0 = Release|x64
		{1EB103A3-13ED-4A92-8A62-694BD381C3AF}.Release|x86.ActiveCfg = Release|Win32
		{1EB103A3-13ED-4A92-8A62-694BD381C3AF}.Release|x86.Build.0 = Release|Win32
		{1EB103A3-13ED-4A92-8A62-694BD381C3AF}.Static Debug|x64.ActiveCfg = Debug|x64
		{1EB103A3-13ED-4A92-8A62-694BD381C3AF}.Static Debug|x64.Build.0 = Debug|x64
		{1EB103A3-13ED-4A92-8A62-694BD381C3AF}.Static Debug|x64.Deploy.0 = Debug|x64
		{1EB103A3-13ED-4A92-8A62-694BD381C3AF}.Static Debug|x86.ActiveCfg = Debug|Win32
		{1EB103A3-13ED-4A92-8A62-694BD381C3AF}.Static Debug|x86.Build.0 = Debug|Win32
		{1EB103A3-13ED-4A92-8A62-694BD381C3AF}.Static Debug|x86.Deploy.0 = Debug|Win32
		{1EB103A3-13ED-4A92-8A62-694BD381C3AF}.Static Release|x64.ActiveCfg = Release|x64
		{1EB103A3-13ED-4A92-8A62-694BD381C3AF}.Static Release|x64.Build.0 = Release|x64
		{1EB103A3-13ED-4A92-8A62-694BD381C3AF}.Static Release|x64.Deploy.0 = Release|x64
		{1EB103A3-13ED-4A92-8A62-694BD381C3AF}.Static Release|x86.ActiveCfg = Release|Win32
		{1EB103A3-13ED-4A92-8A62-694BD381C3AF}.Static Release|x86.Build.0 = Release|Win32
		{1EB103A3-13ED-4A92-8A62-694BD381C3AF}.Static Release|x86.Deploy.0 = Release|Win32
		{917836A4-0DDC-47BE-B930-1B3BFDF6C940}.Debug_Unicode|x64.ActiveCfg = Debug_Unicode|x64
		{917836A4-0DDC-47BE-B930-1B3BFDF6C940}.Debug_Unicode|x64.Build.0 = Debug_Unicode|x64
		{917836A4-0DDC-47BE-B930-1B3BFDF6C940}.Debug_Unicode|x86.ActiveCfg = Debug_Unicode|Win32
		{917836A4-0DDC-47BE-B930-1B3BFDF6C940}.Debug_Unicode|x86.Build.0 = Debug_Unicode|Win32
		{917836A4-0DDC-47BE-B930-1B3BFDF6C940}.Debug|x64.ActiveCfg = Debug|x64
		{917836A4-0DDC-47BE-B930-1B3BFDF6C940}.Debug|x64.Build.0 = Debug|x64
		{917836A4-0DDC-47BE-B930-1B3BFDF6C940}.Debug|x86.ActiveCfg = Debug|Win32
		{917836A4-0DDC-47BE-B930-1B3BFDF6C940}.Debug|x86.Build.0 = Debug|Win32
		{917836A4-0DDC-47BE-B930-1B3BFDF6C940}.ICU Debug|x64.ActiveCfg = Debug|x64
		{917836A4-0DDC-47BE-B930-1B3BFDF6C940}.ICU Debug|x64.Build.0 = Debug|x64
		{917836A4-0DDC-47BE-B930-1B3BFDF6C940}.ICU Debug|x64.Deploy.0 = Debug|x64
		{917836A4-0DDC-47BE-B930-1B3BFDF6C940}.ICU Debug|x86.ActiveCfg = Debug|Win32
		{917836A4-0DDC-47BE-B930-1B3BFDF6C940}.ICU Debug|x86.Build.0 = Debug|Win32
		{917836A4-0DDC-47BE-B930-1B3BFDF6C940}.ICU Debug|x86.Deploy.0 = Debug|Win32
		{917836A4-0DDC-47BE-B930-1B3BFDF6C940}.ICU Release|x64.ActiveCfg = Release|x64
		{917836A4-0DDC-47BE-B930-1B3BFDF6C940}.ICU Release|x64.Build.0 = Release|x64
		{917836A4-0DDC-47BE-B930-1B3BFDF6C940}.ICU Release|x64.Deploy.0 = Release|x64
		{917836A4-0DDC-47BE-B930-1B3BFDF6C940}.ICU Release|x86.ActiveCfg = Release|Win32
		{917836A4-0DDC-47BE-B930-1B3BFDF6C940}.ICU Release|x86.Build.0 = Release|Win32
		{917836A4-0DDC-47BE-B930-1B3BFDF6C940}.ICU Release|x86.Deploy.0 = Release|Win32
		{917836A4-0DDC-47BE-B930-1B3BFDF6C940}.Release_Unicode|x64.ActiveCfg = Release_Unicode|x64
		{917836A4-0DDC-47BE-B930-1B3BFDF6C940}.Release_Unicode|x64.Build.0 = Release_Unicode|x64
		{917836A4-0DDC-47BE-B930-1B3BFDF6C940}.Release_Unicode|x86.ActiveCfg = Release_Unicode|Win32
		{917836A4-0DDC-47BE-B930-1B3BFDF6C940}.Release_Unicode|x86.Build.0 = Release_Unicode|Win32
		{917836A4-0DDC-47BE-B930-1B3BFDF6C940}.Release|x64.ActiveCfg = Release|x64
		{917836A4-0DDC-47BE-B930-1B3BFDF6C940}.Release|x64.Build.0 = Release|x64
		{917836A4-0DDC-47BE-B930-1B3BFDF6C940}.Release|x86.ActiveCfg = Release|Win32
		{917836A4-0DDC-47BE-B930-1B3BFDF6C940}.Release|x86.Build.0 = Release|Win32
		{917836A4-0DDC-47BE-B930-1B3BFDF6C940}.Static Debug|x64.ActiveCfg = Debug|x64
		{917836A4-0DDC-47BE-B930-1B3BFDF6C940}.Static Debug|x64.Build.0 = Debug|x64
		{917836A4-0DDC-47BE-B930-1B3BFDF6C940}.Static Debug|x64.Deploy.0 = Debug|x64
		{917836A4-0DDC-47BE-B930-1B3BFDF6C940}.Static Debug|x86.ActiveCfg = Debug|Win32
		{917836A4-0DDC-47BE-B930-1B3BFDF6C940}.Static Debug|x86.Build.0 = Debug|Win32
		{917836A4-0DDC-47BE-B930-1B3BFDF6C940}.Static Debug|x86.Deploy.0 = Debug|Win32
		{917836A4-0DDC-47BE-B930-1B3BFDF6C940}.Static Release|x64.ActiveCfg = Release|x64
		{917836A4-0DDC-47BE-B930-1B3BFDF6C940}.Static Release|x64.Build.0 = Release|x64
		{917836A4-0DDC-47BE-B930-1B3BFDF6C940}.Static Release|x64.Deploy.0 = Release|x64
		{917836A4-0DDC-47BE-B930-1B3BFDF6C940}.Static Release|x86.ActiveCfg = Release|Win32
		{917836A4-0DDC-47BE-B930-1B3BFDF6C940}.Static Release|x86.Build.0 = Release|Win32
		{917836A4-0DDC-47BE-B930-1B3BFDF6C940}.Static Release|x86.Deploy.0 = Release|Win32
		{C08DC357-BE9B-4F63-8697-7859D3B20B05}.Debug_Unicode|x64.ActiveCfg = Debug|x64
		{C08DC357-BE9B-4F63-8697-7859D3B20B05}.Debug_Unicode|x64.Build.0 = Debug|x64
		{C08DC357-BE9B-4F63-8697-7859D3B20B05}.Debug_Unicode|x86.ActiveCfg = Debug|Win32
		{C08DC357-BE9B-4F63-8697-7859D3B20B05}.Debug_Unicode|x86.Build.0 = Debug|Win32
		{C08DC357-BE9B-4F63-8697-7859D3B20B05}.Debug|x64.ActiveCfg = Debug|x64
		{C08DC357-BE9B-4F63-8697-7859D3B20B05}.Debug|x64.Build.0 = Debug|x64
		{C08DC357-BE9B-4F63-8697-7859D3B20B05}.Debug|x86.ActiveCfg = Debug|Win32
		{C08DC357-BE9B-4F63-8697-7859D3B20B05}.Debug|x86.Build.0 = Debug|Win32
		{C08DC357-BE9B-4F63-8697-7859D3B20B05}.ICU Debug|x64.ActiveCfg = Debug|x64
		{C08DC357-BE9B-4F63-8697-7859D3B20B05}.ICU Debug|x64.Build.0 = Debug|x64
		{C08DC357-BE9B-4F63-8697-7859D3B20B05}.ICU Debug|x64.Deploy.0 = Debug|x64
		{C08DC357-BE9B-4F63-8697-7859D3B20B05}.ICU Debug|x86.ActiveCfg = Debug|Win32
		{C08DC357-BE9B-4F63-8697-7859D3B20B05}.ICU Debug|x86.Build.0 = Debug|Win32
		{C08DC357-BE9B-4F63-8697-7859D3B20B05}.ICU Debug|x86.Deploy.0 = Debug|Win32
		{C08DC357-BE9B-4F63-8697-7859D3B20B05}.ICU Release|x64.ActiveCfg = Release|x64
		{C08DC357-BE9B-4F63-8697-7859D3B20B05}.ICU Release|x64.Build.0 = Release|x64
		{C08DC357-BE9B-4F63-8697-7859D3B20B05}.ICU Release|x64.Deploy.0 = Release|x64
		{C08DC357-BE9B-4F63-8697-7859D3B20B05}.ICU Release|x86.ActiveCfg = Release|Win32
		{C08DC357-BE9B-4F63-8697-7859D3B20B05}.ICU Release|x86.Build.0 = Release|Win32
		{C08DC357-BE9B-4F63-8697-7859D3B20B05}.ICU Release|x86.Deploy.0 = Release|Win32
		{C08DC357-BE9B-4F63-8697-7859D3B20B05}.Release_Unicode|x64.ActiveCfg = Release|x64
		{C08DC357-BE9B-4F63-8697-7859D3B20B05}.Release_Unicode|x64.Build.0 = Release|x64
		{C08DC357-BE9B-4F63-8697-7859D3B20B05}.Release_Unicode|x86.ActiveCfg = Release|Win32
		{C08DC357-BE9B-4F63-8697-7859D3B20B05}.Release_Unicode|x86.Build.0 = Release|Win32
		{C08DC357-BE9B-4F63-8697-7859D3B20B05}.Release|x64.ActiveCfg = Release|x64
		{C08DC357-BE9B-4F63-8697-7859D3B20B05}.Release|x64.Build.0 = Release|x64
		{C08DC357-BE9B-4F63-8697-7859D3B20B05}.Release|x86.ActiveCfg = Release|Win32
		{C08DC357-BE9B-4F63-8697-7859D3B20B05}.Release|x86.Build.0 = Release|Win32
		{C08DC357-BE9B-4F63-8697-7859D3B20B05}.Static Debug|x64.ActiveCfg = Debug|x64
		{C08DC357-BE9B-4F63-8697-7859D3B20B05}.Static Debug|x64.Build.0 = Debug|x64
		{C08DC357-BE9B-4F63-8697-7859D3B20B05}.Static Debug|x64.Deploy.0 = Debug|x64
		{C08DC357-BE9B-4F63-8697-7859D3B20B05}.Static Debug|x86.ActiveCfg = Debug|Win32
		{C08DC357-BE9B-4F63-8697-7859D3B20B05}.Static Debug|x86.Build.0 = Debug|Win32
		{C08DC357-BE9B-4F63-8697-7859D3B20B05}.Static Debug|x86.Deploy.0 = Debug|Win32
		{C08DC357-BE9B-4F63-8697-7859D3B20B05}.Static Release|x64.ActiveCfg = Release|x64
		{C08DC357-BE9B-4F63-8697-7859D3B20B05}.Static Release|x64.Build.0 = Release|x64
		{C08DC357-BE9B-4F63-8697-7859D3B20B05}.Static Release|x64.Deploy.0 = Release|x64
		{C08DC357-BE9B-4F63-8697-7859D3B20B05}.Static Release|x86.ActiveCfg = Release|Win32
		{C08DC357-BE9B-4F63-8697-7859D3B20B05}.Static Release|x86.Build.0 = Release|Win32
		{C08DC357-BE9B-4F63-8697-7859D3B20B05}.Static Release|x86.Deploy.0 = Release|Win32
		{152CE948-F659-4206-A50A-1D2B9658EF96}.Debug_Unicode|x64.ActiveCfg = Debug|x64
		{152CE948-F659-4206-A50A-1D2B9658EF96}.Debug_Unicode|x64.Build.0 = Debug|x64
		{152CE948-F659-4206-A50A-1D2B9658EF96}.Debug_Unicode|x86.ActiveCfg = Debug|Win32
		{152CE948-F659-4206-A50A-1D2B9658EF96}.Debug_Unicode|x86.Build.0 = Debug|Win32
		{152CE948-F659-4206-A50A-1D2B9658EF96}.Debug|x64.ActiveCfg = Debug|x64
		{152CE948-F659-4206-A50A-1D2B9658EF96}.Debug|x64.Build.0 = Debug|x64
		{152CE948-F659-4206-A50A-1D2B9658EF96}.Debug|x86.ActiveCfg = Debug|Win32
		{152CE948-F659-4206-A50A-1D2B9658EF96}.Debug|x86.Build.0 = Debug|Win32
		{152CE948-F659-4206-A50A-1D2B9658EF96}.ICU Debug|x64.ActiveCfg = ICU Debug|x64
		{152CE948-F659-4206-A50A-1D2B9658EF96}.ICU Debug|x64.Build.0 = ICU Debug|x64
		{152CE948-F659-4206-A50A-1D2B9658EF96}.ICU Debug|x86.ActiveCfg = ICU Debug|Win32
		{152CE948-F659-4206-A50A-1D2B9658EF96}.ICU Debug|x86.Build.0 = ICU Debug|Win32
		{152CE948-F659-4206-A50A-1D2B9658EF96}.ICU Release|x64.ActiveCfg = ICU Release|x64
		{152CE948-F659-4206-A50A-1D2B9658EF96}.ICU Release|x64.Build.0 = ICU Release|x64
		{152CE948-F659-4206-A50A-1D2B9658EF96}.ICU Release|x86.ActiveCfg = ICU Release|Win32
		{152CE948-F659-4206-A50A-1D2B9658EF96}.ICU Release|x86.Build.0 = ICU Release|Win32
		{152CE948-F659-4206-A50A-1D2B9658EF96}.Release_Unicode|x64.ActiveCfg = Release|x64
		{152CE948-F659-4206-A50A-1D2B9658EF96}.Release_Unicode|x64.Build.0 = Release|x64
		{152CE948-F659-4206-A50A-1D2B9658EF96}.Release_Unicode|x86.ActiveCfg = Release|Win32
		{152CE948-F659-4206-A50A-1D2B9658EF96}.Release_Unicode|x86.Build.0 = Release|Win32
		{152CE948-F659-4206-A50A-1D2B9658EF96}.Release|x64.ActiveCfg = Release|x64
		{152CE948-F659-4206-A50A-1D2B9658EF96}.Release|x64.Build.0 = Release|x64
		{152CE948-F659-4206-A50A-1D2B9658EF96}.Release|x86.ActiveCfg = Release|Win32
		{152CE948-F659-4206-A50A-1D2B9658EF96}.Release|x86.Build.0 = Release|Win32
		{152CE948-F659-4206-A50A-1D2B9658EF96}.Static Debug|x64.ActiveCfg = Static Debug|x64
		{152CE948-F659-4206-A50A-1D2B9658EF96}.Static Debug|x64.Build.0 = Static Debug|x64
		{152CE948-F659-4206-A50A-1D2B9658EF96}.Static Debug|x86.ActiveCfg = Static Debug|Win32
		{152CE948-F659-4206-A50A-1D2B9658EF96}.Static Debug|x86.Build.0 = Static Debug|Win32
		{152CE948-F659-4206-A50A-1D2B9658EF96}.Static Release|x64.ActiveCfg = Static Release|x64
		{152CE948-F659-4206-A50A-1D2B9658EF96}.Static Release|x64.Build.0 = Static Release|x64
		{152CE948-F659-4206-A50A-1D2B9658EF96}.Static Release|x86.ActiveCfg = Static Release|Win32
		{152CE948-F659-4206-A50A-1D2B9658EF96}.Static Release|x86.Build.0 = Static Release|Win32
	EndGlobalSection
	GlobalSection(SolutionProperties) = preSolution
		HideSolutionNode = FALSE
	EndGlobalSection
	GlobalSection(NestedProjects) = preSolution
		{917836A4-0DDC-47BE-B930-1B3BFDF6C940} = {8C267646-8542-4636-A574-3567E3E555D5}
		{C08DC357-BE9B-4F63-8697-7859D3B20B05} = {8C267646-8542-4636-A574-3567E3E555D5}
		{152CE948-F659-4206-A50A-1D2B9658EF96} = {8C267646-8542-4636-A574-3567E3E555D5}
	EndGlobalSection
EndGlobal
